
Microsoft Visual Studio Solution File, Format Version 12.00
# Visual Studio Version 17
VisualStudioVersion = 17.11.35219.272
MinimumVisualStudioVersion = 10.0.40219.1
Project("{FAE04EC0-301F-11D3-BF4B-00C04F79EFBC}") = "TaskManager.Web", "TaskManager.Web\TaskManager.Web.csproj", "{C7A2B26B-829C-4659-8013-05BC14D6F84D}"
EndProject
Global
	GlobalSection(SolutionConfigurationPlatforms) = preSolution
		Debug|Any CPU = Debug|Any CPU
		Release|Any CPU = Release|Any CPU
	EndGlobalSection
	GlobalSection(ProjectConfigurationPlatforms) = postSolution
		{C7A2B26B-829C-4659-8013-05BC14D6F84D}.Debug|Any CPU.ActiveCfg = Debug|Any CPU
		{C7A2B26B-829C-4659-8013-05BC14D6F84D}.Debug|Any CPU.Build.0 = Debug|Any CPU
		{C7A2B26B-829C-4659-8013-05BC14D6F84D}.Release|Any CPU.ActiveCfg = Release|Any CPU
		{C7A2B26B-829C-4659-8013-05BC14D6F84D}.Release|Any CPU.Build.0 = Release|Any CPU
	EndGlobalSection
	GlobalSection(SolutionProperties) = preSolution
		HideSolutionNode = FALSE
	EndGlobalSection
	GlobalSection(ExtensibilityGlobals) = postSolution
		SolutionGuid = {E8A674BA-BEC1-4A19-A6F5-85393F6ACF24}
	EndGlobalSection
EndGlobal
